
Microsoft Visual Studio Solution File, Format Version 12.00
# Visual Studio 15
Project("{FAE04EC0-301F-11D3-BF4B-00C04F79EFBC}") = "Assembly-CSharp", "Assembly-CSharp.csproj", "{89BE3DD7-1820-CF83-3FE3-3627783B7094}"
EndProject
Project("{FAE04EC0-301F-11D3-BF4B-00C04F79EFBC}") = "Assembly-CSharp-firstpass", "Assembly-CSharp-firstpass.csproj", "{3966AC3D-FA20-9289-3DA7-346DBF1834FE}"
EndProject
Project("{FAE04EC0-301F-11D3-BF4B-00C04F79EFBC}") = "Assembly-CSharp-Editor", "Assembly-CSharp-Editor.csproj", "{C5A851D8-DEAD-E7D1-D7E4-F40F43CA01C7}"
EndProject
Global
	GlobalSection(SolutionConfigurationPlatforms) = preSolution
		Debug|Any CPU = Debug|Any CPU
		Release|Any CPU = Release|Any CPU
	EndGlobalSection
	GlobalSection(ProjectConfigurationPlatforms) = postSolution
		{89BE3DD7-1820-CF83-3FE3-3627783B7094}.Debug|Any CPU.ActiveCfg = Debug|Any CPU
		{89BE3DD7-1820-CF83-3FE3-3627783B7094}.Debug|Any CPU.Build.0 = Debug|Any CPU
		{89BE3DD7-1820-CF83-3FE3-3627783B7094}.Release|Any CPU.ActiveCfg = Release|Any CPU
		{89BE3DD7-1820-CF83-3FE3-3627783B7094}.Release|Any CPU.Build.0 = Release|Any CPU
		{3966AC3D-FA20-9289-3DA7-346DBF1834FE}.Debug|Any CPU.ActiveCfg = Debug|Any CPU
		{3966AC3D-FA20-9289-3DA7-346DBF1834FE}.Debug|Any CPU.Build.0 = Debug|Any CPU
		{3966AC3D-FA20-9289-3DA7-346DBF1834FE}.Release|Any CPU.ActiveCfg = Release|Any CPU
		{3966AC3D-FA20-9289-3DA7-346DBF1834FE}.Release|Any CPU.Build.0 = Release|Any CPU
		{C5A851D8-DEAD-E7D1-D7E4-F40F43CA01C7}.Debug|Any CPU.ActiveCfg = Debug|Any CPU
		{C5A851D8-DEAD-E7D1-D7E4-F40F43CA01C7}.Debug|Any CPU.Build.0 = Debug|Any CPU
		{C5A851D8-DEAD-E7D1-D7E4-F40F43CA01C7}.Release|Any CPU.ActiveCfg = Release|Any CPU
		{C5A851D8-DEAD-E7D1-D7E4-F40F43CA01C7}.Release|Any CPU.Build.0 = Release|Any CPU
	EndGlobalSection
	GlobalSection(SolutionProperties) = preSolution
		HideSolutionNode = FALSE
	EndGlobalSection
EndGlobal
